
Microsoft Visual Studio Solution File, Format Version 12.00
# Visual Studio Version 16
VisualStudioVersion = 16.0.30225.117
MinimumVisualStudioVersion = 10.0.40219.1
Project("{2150E333-8FDC-42A3-9474-1A3956D46DE8}") = "Chap03", "Chap03", "{A3D4FF78-DFED-4856-94C2-413EEDD79D8E}"
EndProject
Project("{2150E333-8FDC-42A3-9474-1A3956D46DE8}") = "Chap04", "Chap04", "{001A2468-179F-4C3C-848A-6E64826BB44D}"
EndProject
Project("{FAE04EC0-301F-11D3-BF4B-00C04F79EFBC}") = "IfElseApp", "IfElseApp\IfElseApp.csproj", "{0E8AB0EA-C229-41A6-BEB5-F4315E955480}"
EndProject
Project("{FAE04EC0-301F-11D3-BF4B-00C04F79EFBC}") = "SwitchCaseApp", "SwitchCaseApp\SwitchCaseApp.csproj", "{254C9BBE-8658-447F-9D82-873CC149BFC1}"
EndProject
Project("{FAE04EC0-301F-11D3-BF4B-00C04F79EFBC}") = "StudyString", "StudyString\StudyString.csproj", "{59781F4B-E08C-455B-BF8C-E934E37FEBAF}"
EndProject
Project("{2150E333-8FDC-42A3-9474-1A3956D46DE8}") = "Chap05", "Chap05", "{8BC7BE13-A40A-4A0D-982A-1EAEF3F6DF00}"
EndProject
Project("{FAE04EC0-301F-11D3-BF4B-00C04F79EFBC}") = "ListForeachApp", "ListForeachApp\ListForeachApp.csproj", "{B3303043-7DC8-4203-BEC8-7C0FB65EF6C2}"
EndProject
Project("{FAE04EC0-301F-11D3-BF4B-00C04F79EFBC}") = "SwapByValue", "SwapByValue\SwapByValue.csproj", "{C893C6FE-576D-4E7E-B8F5-381C8ABD63B2}"
EndProject
Project("{FAE04EC0-301F-11D3-BF4B-00C04F79EFBC}") = "RefReturn", "RefReturn\RefReturn.csproj", "{8B7BD975-789F-4064-A560-059A8526AC3C}"
EndProject
Project("{FAE04EC0-301F-11D3-BF4B-00C04F79EFBC}") = "UsingOut", "UsingOut\UsingOut.csproj", "{A6302ABB-133E-4F39-8668-3B7B3E7DA6CE}"
EndProject
Project("{2150E333-8FDC-42A3-9474-1A3956D46DE8}") = "Chao06", "Chao06", "{719B1077-7308-4103-A1FC-D671C4602480}"
EndProject
Project("{FAE04EC0-301F-11D3-BF4B-00C04F79EFBC}") = "localFuction", "localFuction\localFuction.csproj", "{B175434A-7E3C-4E5F-A932-FA99DE1E7B11}"
EndProject
Project("{FAE04EC0-301F-11D3-BF4B-00C04F79EFBC}") = "OverRoading", "OverRoading\OverRoading.csproj", "{1494BF10-6E07-450A-92B5-C9676787E132}"
EndProject
Project("{FAE04EC0-301F-11D3-BF4B-00C04F79EFBC}") = "chap06_ex01", "chap06_ex01\chap06_ex01.csproj", "{80579E75-5133-42B2-82A1-2055FBB58B42}"
EndProject
Project("{FAE04EC0-301F-11D3-BF4B-00C04F79EFBC}") = "chap06_ex02", "chap06_ex02\chap06_ex02.csproj", "{3B8322B7-7FAE-41A4-BD45-1F55EB81DFDD}"
EndProject
Project("{FAE04EC0-301F-11D3-BF4B-00C04F79EFBC}") = "chap06_ex03", "chap06_ex03\chap06_ex03.csproj", "{A319A33F-C5F0-4764-A76E-1614493977E6}"
EndProject
Global
	GlobalSection(SolutionConfigurationPlatforms) = preSolution
		Debug|Any CPU = Debug|Any CPU
		Release|Any CPU = Release|Any CPU
	EndGlobalSection
	GlobalSection(ProjectConfigurationPlatforms) = postSolution
		{0E8AB0EA-C229-41A6-BEB5-F4315E955480}.Debug|Any CPU.ActiveCfg = Debug|Any CPU
		{0E8AB0EA-C229-41A6-BEB5-F4315E955480}.Debug|Any CPU.Build.0 = Debug|Any CPU
		{0E8AB0EA-C229-41A6-BEB5-F4315E955480}.Release|Any CPU.ActiveCfg = Release|Any CPU
		{0E8AB0EA-C229-41A6-BEB5-F4315E955480}.Release|Any CPU.Build.0 = Release|Any CPU
		{254C9BBE-8658-447F-9D82-873CC149BFC1}.Debug|Any CPU.ActiveCfg = Debug|Any CPU
		{254C9BBE-8658-447F-9D82-873CC149BFC1}.Debug|Any CPU.Build.0 = Debug|Any CPU
		{254C9BBE-8658-447F-9D82-873CC149BFC1}.Release|Any CPU.ActiveCfg = Release|Any CPU
		{254C9BBE-8658-447F-9D82-873CC149BFC1}.Release|Any CPU.Build.0 = Release|Any CPU
		{59781F4B-E08C-455B-BF8C-E934E37FEBAF}.Debug|Any CPU.ActiveCfg = Debug|Any CPU
		{59781F4B-E08C-455B-BF8C-E934E37FEBAF}.Debug|Any CPU.Build.0 = Debug|Any CPU
		{59781F4B-E08C-455B-BF8C-E934E37FEBAF}.Release|Any CPU.ActiveCfg = Release|Any CPU
		{59781F4B-E08C-455B-BF8C-E934E37FEBAF}.Release|Any CPU.Build.0 = Release|Any CPU
		{B3303043-7DC8-4203-BEC8-7C0FB65EF6C2}.Debug|Any CPU.ActiveCfg = Debug|Any CPU
		{B3303043-7DC8-4203-BEC8-7C0FB65EF6C2}.Debug|Any CPU.Build.0 = Debug|Any CPU
		{B3303043-7DC8-4203-BEC8-7C0FB65EF6C2}.Release|Any CPU.ActiveCfg = Release|Any CPU
		{B3303043-7DC8-4203-BEC8-7C0FB65EF6C2}.Release|Any CPU.Build.0 = Release|Any CPU
		{C893C6FE-576D-4E7E-B8F5-381C8ABD63B2}.Debug|Any CPU.ActiveCfg = Debug|Any CPU
		{C893C6FE-576D-4E7E-B8F5-381C8ABD63B2}.Debug|Any CPU.Build.0 = Debug|Any CPU
		{C893C6FE-576D-4E7E-B8F5-381C8ABD63B2}.Release|Any CPU.ActiveCfg = Release|Any CPU
		{C893C6FE-576D-4E7E-B8F5-381C8ABD63B2}.Release|Any CPU.Build.0 = Release|Any CPU
		{8B7BD975-789F-4064-A560-059A8526AC3C}.Debug|Any CPU.ActiveCfg = Debug|Any CPU
		{8B7BD975-789F-4064-A560-059A8526AC3C}.Debug|Any CPU.Build.0 = Debug|Any CPU
		{8B7BD975-789F-4064-A560-059A8526AC3C}.Release|Any CPU.ActiveCfg = Release|Any CPU
		{8B7BD975-789F-4064-A560-059A8526AC3C}.Release|Any CPU.Build.0 = Release|Any CPU
		{A6302ABB-133E-4F39-8668-3B7B3E7DA6CE}.Debug|Any CPU.ActiveCfg = Debug|Any CPU
		{A6302ABB-133E-4F39-8668-3B7B3E7DA6CE}.Debug|Any CPU.Build.0 = Debug|Any CPU
		{A6302ABB-133E-4F39-8668-3B7B3E7DA6CE}.Release|Any CPU.ActiveCfg = Release|Any CPU
		{A6302ABB-133E-4F39-8668-3B7B3E7DA6CE}.Release|Any CPU.Build.0 = Release|Any CPU
		{B175434A-7E3C-4E5F-A932-FA99DE1E7B11}.Debug|Any CPU.ActiveCfg = Debug|Any CPU
		{B175434A-7E3C-4E5F-A932-FA99DE1E7B11}.Debug|Any CPU.Build.0 = Debug|Any CPU
		{B175434A-7E3C-4E5F-A932-FA99DE1E7B11}.Release|Any CPU.ActiveCfg = Release|Any CPU
		{B175434A-7E3C-4E5F-A932-FA99DE1E7B11}.Release|Any CPU.Build.0 = Release|Any CPU
		{1494BF10-6E07-450A-92B5-C9676787E132}.Debug|Any CPU.ActiveCfg = Debug|Any CPU
		{1494BF10-6E07-450A-92B5-C9676787E132}.Debug|Any CPU.Build.0 = Debug|Any CPU
		{1494BF10-6E07-450A-92B5-C9676787E132}.Release|Any CPU.ActiveCfg = Release|Any CPU
		{1494BF10-6E07-450A-92B5-C9676787E132}.Release|Any CPU.Build.0 = Release|Any CPU
		{80579E75-5133-42B2-82A1-2055FBB58B42}.Debug|Any CPU.ActiveCfg = Debug|Any CPU
		{80579E75-5133-42B2-82A1-2055FBB58B42}.Debug|Any CPU.Build.0 = Debug|Any CPU
		{80579E75-5133-42B2-82A1-2055FBB58B42}.Release|Any CPU.ActiveCfg = Release|Any CPU
		{80579E75-5133-42B2-82A1-2055FBB58B42}.Release|Any CPU.Build.0 = Release|Any CPU
		{3B8322B7-7FAE-41A4-BD45-1F55EB81DFDD}.Debug|Any CPU.ActiveCfg = Debug|Any CPU
		{3B8322B7-7FAE-41A4-BD45-1F55EB81DFDD}.Debug|Any CPU.Build.0 = Debug|Any CPU
		{3B8322B7-7FAE-41A4-BD45-1F55EB81DFDD}.Release|Any CPU.ActiveCfg = Release|Any CPU
		{3B8322B7-7FAE-41A4-BD45-1F55EB81DFDD}.Release|Any CPU.Build.0 = Release|Any CPU
		{A319A33F-C5F0-4764-A76E-1614493977E6}.Debug|Any CPU.ActiveCfg = Debug|Any CPU
		{A319A33F-C5F0-4764-A76E-1614493977E6}.Debug|Any CPU.Build.0 = Debug|Any CPU
		{A319A33F-C5F0-4764-A76E-1614493977E6}.Release|Any CPU.ActiveCfg = Release|Any CPU
		{A319A33F-C5F0-4764-A76E-1614493977E6}.Release|Any CPU.Build.0 = Release|Any CPU
	EndGlobalSection
	GlobalSection(SolutionProperties) = preSolution
		HideSolutionNode = FALSE
	EndGlobalSection
	GlobalSection(NestedProjects) = preSolution
		{0E8AB0EA-C229-41A6-BEB5-F4315E955480} = {001A2468-179F-4C3C-848A-6E64826BB44D}
		{254C9BBE-8658-447F-9D82-873CC149BFC1} = {001A2468-179F-4C3C-848A-6E64826BB44D}
		{59781F4B-E08C-455B-BF8C-E934E37FEBAF} = {A3D4FF78-DFED-4856-94C2-413EEDD79D8E}
		{B3303043-7DC8-4203-BEC8-7C0FB65EF6C2} = {8BC7BE13-A40A-4A0D-982A-1EAEF3F6DF00}
		{C893C6FE-576D-4E7E-B8F5-381C8ABD63B2} = {8BC7BE13-A40A-4A0D-982A-1EAEF3F6DF00}
		{8B7BD975-789F-4064-A560-059A8526AC3C} = {8BC7BE13-A40A-4A0D-982A-1EAEF3F6DF00}
		{A6302ABB-133E-4F39-8668-3B7B3E7DA6CE} = {8BC7BE13-A40A-4A0D-982A-1EAEF3F6DF00}
		{B175434A-7E3C-4E5F-A932-FA99DE1E7B11} = {719B1077-7308-4103-A1FC-D671C4602480}
		{1494BF10-6E07-450A-92B5-C9676787E132} = {8BC7BE13-A40A-4A0D-982A-1EAEF3F6DF00}
		{80579E75-5133-42B2-82A1-2055FBB58B42} = {719B1077-7308-4103-A1FC-D671C4602480}
		{3B8322B7-7FAE-41A4-BD45-1F55EB81DFDD} = {719B1077-7308-4103-A1FC-D671C4602480}
		{A319A33F-C5F0-4764-A76E-1614493977E6} = {719B1077-7308-4103-A1FC-D671C4602480}
	EndGlobalSection
	GlobalSection(ExtensibilityGlobals) = postSolution
		SolutionGuid = {45E8D816-7185-49EE-9AD3-4EC6EE436342}
	EndGlobalSection
EndGlobal
