
Microsoft Visual Studio Solution File, Format Version 12.00
# Visual Studio Version 16
VisualStudioVersion = 16.0.30225.117
MinimumVisualStudioVersion = 10.0.40219.1
Project("{2150E333-8FDC-42A3-9474-1A3956D46DE8}") = "Chap03", "Chap03", "{A3D4FF78-DFED-4856-94C2-413EEDD79D8E}"
EndProject
Project("{2150E333-8FDC-42A3-9474-1A3956D46DE8}") = "Chap04", "Chap04", "{001A2468-179F-4C3C-848A-6E64826BB44D}"
EndProject
Project("{FAE04EC0-301F-11D3-BF4B-00C04F79EFBC}") = "IfElseApp", "IfElseApp\IfElseApp.csproj", "{0E8AB0EA-C229-41A6-BEB5-F4315E955480}"
EndProject
Project("{FAE04EC0-301F-11D3-BF4B-00C04F79EFBC}") = "SwitchCaseApp", "SwitchCaseApp\SwitchCaseApp.csproj", "{254C9BBE-8658-447F-9D82-873CC149BFC1}"
EndProject
Project("{FAE04EC0-301F-11D3-BF4B-00C04F79EFBC}") = "StudyString", "StudyString\StudyString.csproj", "{59781F4B-E08C-455B-BF8C-E934E37FEBAF}"
EndProject
Global
	GlobalSection(SolutionConfigurationPlatforms) = preSolution
		Debug|Any CPU = Debug|Any CPU
		Release|Any CPU = Release|Any CPU
	EndGlobalSection
	GlobalSection(ProjectConfigurationPlatforms) = postSolution
		{0E8AB0EA-C229-41A6-BEB5-F4315E955480}.Debug|Any CPU.ActiveCfg = Debug|Any CPU
		{0E8AB0EA-C229-41A6-BEB5-F4315E955480}.Debug|Any CPU.Build.0 = Debug|Any CPU
		{0E8AB0EA-C229-41A6-BEB5-F4315E955480}.Release|Any CPU.ActiveCfg = Release|Any CPU
		{0E8AB0EA-C229-41A6-BEB5-F4315E955480}.Release|Any CPU.Build.0 = Release|Any CPU
		{254C9BBE-8658-447F-9D82-873CC149BFC1}.Debug|Any CPU.ActiveCfg = Debug|Any CPU
		{254C9BBE-8658-447F-9D82-873CC149BFC1}.Debug|Any CPU.Build.0 = Debug|Any CPU
		{254C9BBE-8658-447F-9D82-873CC149BFC1}.Release|Any CPU.ActiveCfg = Release|Any CPU
		{254C9BBE-8658-447F-9D82-873CC149BFC1}.Release|Any CPU.Build.0 = Release|Any CPU
		{59781F4B-E08C-455B-BF8C-E934E37FEBAF}.Debug|Any CPU.ActiveCfg = Debug|Any CPU
		{59781F4B-E08C-455B-BF8C-E934E37FEBAF}.Debug|Any CPU.Build.0 = Debug|Any CPU
		{59781F4B-E08C-455B-BF8C-E934E37FEBAF}.Release|Any CPU.ActiveCfg = Release|Any CPU
		{59781F4B-E08C-455B-BF8C-E934E37FEBAF}.Release|Any CPU.Build.0 = Release|Any CPU
	EndGlobalSection
	GlobalSection(SolutionProperties) = preSolution
		HideSolutionNode = FALSE
	EndGlobalSection
	GlobalSection(NestedProjects) = preSolution
		{0E8AB0EA-C229-41A6-BEB5-F4315E955480} = {001A2468-179F-4C3C-848A-6E64826BB44D}
		{254C9BBE-8658-447F-9D82-873CC149BFC1} = {001A2468-179F-4C3C-848A-6E64826BB44D}
		{59781F4B-E08C-455B-BF8C-E934E37FEBAF} = {A3D4FF78-DFED-4856-94C2-413EEDD79D8E}
	EndGlobalSection
	GlobalSection(ExtensibilityGlobals) = postSolution
		SolutionGuid = {45E8D816-7185-49EE-9AD3-4EC6EE436342}
	EndGlobalSection
EndGlobal
